
Microsoft Visual Studio Solution File, Format Version 12.00
# Visual Studio Version 16
VisualStudioVersion = 16.0.30002.166
MinimumVisualStudioVersion = 10.0.40219.1
Project("{FAE04EC0-301F-11D3-BF4B-00C04F79EFBC}") = "AdminLTE.MVC", "AdminLTE.MVC\AdminLTE.MVC.csproj", "{BF1FAFBC-3239-442A-90A0-477E8A567981}"
EndProject
Global
	GlobalSection(SolutionConfigurationPlatforms) = preSolution
		Debug|Any CPU = Debug|Any CPU
		Release|Any CPU = Release|Any CPU
	EndGlobalSection
	GlobalSection(ProjectConfigurationPlatforms) = postSolution
		{BF1FAFBC-3239-442A-90A0-477E8A567981}.Debug|Any CPU.ActiveCfg = Debug|Any CPU
		{BF1FAFBC-3239-442A-90A0-477E8A567981}.Debug|Any CPU.Build.0 = Debug|Any CPU
		{BF1FAFBC-3239-442A-90A0-477E8A567981}.Release|Any CPU.ActiveCfg = Release|Any CPU
		{BF1FAFBC-3239-442A-90A0-477E8A567981}.Release|Any CPU.Build.0 = Release|Any CPU
	EndGlobalSection
	GlobalSection(SolutionProperties) = preSolution
		HideSolutionNode = FALSE
	EndGlobalSection
	GlobalSection(ExtensibilityGlobals) = postSolution
		SolutionGuid = {985E14CA-B56E-44BC-8CB2-88A2575BFA6C}
	EndGlobalSection
EndGlobal
